# This file was autogenerated by Stack.
# You should not edit this file by hand.
# For more information, please see the documentation at:
#   https://docs.haskellstack.org/en/stable/lock_files

packages: []
snapshots:
- completed:
    sha256: 113a36ecbaea7882508d1b1db11f07e3ae716a9d85bbf1b4ccd80728d4da9d7a
    size: 591687
    url: https://raw.githubusercontent.com/commercialhaskell/stackage-snapshots/master/nightly/2022/6/4.yaml
  original: nightly-2022-06-04
